// !$*UTF8*$!
{
	archiveVersion = 1;
	classes = {
	};
	objectVersion = 46;
	objects = {

/* Begin PBXBuildFile section */
		5B111AA91ABC31320044A9E0 /* newBranchClass.swift in Sources */ = {isa = PBXBuildFile; fileRef = 5B111AA81ABC31320044A9E0 /* newBranchClass.swift */; };
		5BE8E9001ABC2D2E00D40FF8 /* AppDelegate.swift in Sources */ = {isa = PBXBuildFile; fileRef = 5BE8E8FF1ABC2D2E00D40FF8 /* AppDelegate.swift */; };
		5BE8E9031ABC2D2E00D40FF8 /* CheckGit.xcdatamodeld in Sources */ = {isa = PBXBuildFile; fileRef = 5BE8E9011ABC2D2E00D40FF8 /* CheckGit.xcdatamodeld */; };
		5BE8E9051ABC2D2E00D40FF8 /* ViewController.swift in Sources */ = {isa = PBXBuildFile; fileRef = 5BE8E9041ABC2D2E00D40FF8 /* ViewController.swift */; };
		5BE8E9081ABC2D2E00D40FF8 /* Main.storyboard in Resources */ = {isa = PBXBuildFile; fileRef = 5BE8E9061ABC2D2E00D40FF8 /* Main.storyboard */; };
		5BE8E90A1ABC2D2E00D40FF8 /* Images.xcassets in Resources */ = {isa = PBXBuildFile; fileRef = 5BE8E9091ABC2D2E00D40FF8 /* Images.xcassets */; };
		5BE8E90D1ABC2D2E00D40FF8 /* LaunchScreen.xib in Resources */ = {isa = PBXBuildFile; fileRef = 5BE8E90B1ABC2D2E00D40FF8 /* LaunchScreen.xib */; };
		5BE8E9191ABC2D2E00D40FF8 /* CheckGitTests.swift in Sources */ = {isa = PBXBuildFile; fileRef = 5BE8E9181ABC2D2E00D40FF8 /* CheckGitTests.swift */; };
		5BE8E9231ABC2D7600D40FF8 /* FirstClass.swift in Sources */ = {isa = PBXBuildFile; fileRef = 5BE8E9221ABC2D7600D40FF8 /* FirstClass.swift */; };
		5BE8E9271ABC2E9600D40FF8 /* Another Class.swift in Sources */ = {isa = PBXBuildFile; fileRef = 5BE8E9261ABC2E9600D40FF8 /* Another Class.swift */; };
/* End PBXBuildFile section */

/* Begin PBXContainerItemProxy section */
		5BE8E9131ABC2D2E00D40FF8 /* PBXContainerItemProxy */ = {
			isa = PBXContainerItemProxy;
			containerPortal = 5BE8E8F21ABC2D2E00D40FF8 /* Project object */;
			proxyType = 1;
			remoteGlobalIDString = 5BE8E8F91ABC2D2E00D40FF8;
			remoteInfo = CheckGit;
		};
/* End PBXContainerItemProxy section */

/* Begin PBXFileReference section */
		5B111AA61ABC30DD0044A9E0 /* de */ = {isa = PBXFileReference; lastKnownFileType = text.plist.strings; name = de; path = de.lproj/Main.strings; sourceTree = "<group>"; };
		5B111AA71ABC30DD0044A9E0 /* de */ = {isa = PBXFileReference; lastKnownFileType = text.plist.strings; name = de; path = de.lproj/LaunchScreen.strings; sourceTree = "<group>"; };
		5B111AA81ABC31320044A9E0 /* newBranchClass.swift */ = {isa = PBXFileReference; fileEncoding = 4; lastKnownFileType = sourcecode.swift; path = newBranchClass.swift; sourceTree = "<group>"; };
		5BE8E8FA1ABC2D2E00D40FF8 /* CheckGit.app */ = {isa = PBXFileReference; explicitFileType = wrapper.application; includeInIndex = 0; path = CheckGit.app; sourceTree = BUILT_PRODUCTS_DIR; };
		5BE8E8FE1ABC2D2E00D40FF8 /* Info.plist */ = {isa = PBXFileReference; lastKnownFileType = text.plist.xml; path = Info.plist; sourceTree = "<group>"; };
		5BE8E8FF1ABC2D2E00D40FF8 /* AppDelegate.swift */ = {isa = PBXFileReference; lastKnownFileType = sourcecode.swift; path = AppDelegate.swift; sourceTree = "<group>"; };
		5BE8E9021ABC2D2E00D40FF8 /* CheckGit.xcdatamodel */ = {isa = PBXFileReference; lastKnownFileType = wrapper.xcdatamodel; path = CheckGit.xcdatamodel; sourceTree = "<group>"; };
		5BE8E9041ABC2D2E00D40FF8 /* ViewController.swift */ = {isa = PBXFileReference; lastKnownFileType = sourcecode.swift; path = ViewController.swift; sourceTree = "<group>"; };
		5BE8E9071ABC2D2E00D40FF8 /* Base */ = {isa = PBXFileReference; lastKnownFileType = file.storyboard; name = Base; path = Base.lproj/Main.storyboard; sourceTree = "<group>"; };
		5BE8E9091ABC2D2E00D40FF8 /* Images.xcassets */ = {isa = PBXFileReference; lastKnownFileType = folder.assetcatalog; path = Images.xcassets; sourceTree = "<group>"; };
		5BE8E90C1ABC2D2E00D40FF8 /* Base */ = {isa = PBXFileReference; lastKnownFileType = file.xib; name = Base; path = Base.lproj/LaunchScreen.xib; sourceTree = "<group>"; };
		5BE8E9121ABC2D2E00D40FF8 /* CheckGitTests.xctest */ = {isa = PBXFileReference; explicitFileType = wrapper.cfbundle; includeInIndex = 0; path = CheckGitTests.xctest; sourceTree = BUILT_PRODUCTS_DIR; };
		5BE8E9171ABC2D2E00D40FF8 /* Info.plist */ = {isa = PBXFileReference; lastKnownFileType = text.plist.xml; path = Info.plist; sourceTree = "<group>"; };
		5BE8E9181ABC2D2E00D40FF8 /* CheckGitTests.swift */ = {isa = PBXFileReference; lastKnownFileType = sourcecode.swift; path = CheckGitTests.swift; sourceTree = "<group>"; };
		5BE8E9221ABC2D7600D40FF8 /* FirstClass.swift */ = {isa = PBXFileReference; fileEncoding = 4; lastKnownFileType = sourcecode.swift; path = FirstClass.swift; sourceTree = "<group>"; };
		5BE8E9241ABC2DAD00D40FF8 /* ar */ = {isa = PBXFileReference; lastKnownFileType = text.plist.strings; name = ar; path = ar.lproj/Main.strings; sourceTree = "<group>"; };
		5BE8E9251ABC2DAD00D40FF8 /* ar */ = {isa = PBXFileReference; lastKnownFileType = text.plist.strings; name = ar; path = ar.lproj/LaunchScreen.strings; sourceTree = "<group>"; };
		5BE8E9261ABC2E9600D40FF8 /* Another Class.swift */ = {isa = PBXFileReference; fileEncoding = 4; lastKnownFileType = sourcecode.swift; path = "Another Class.swift"; sourceTree = "<group>"; };
/* End PBXFileReference section */

/* Begin PBXFrameworksBuildPhase section */
		5BE8E8F71ABC2D2E00D40FF8 /* Frameworks */ = {
			isa = PBXFrameworksBuildPhase;
			buildActionMask = 2147483647;
			files = (
			);
			runOnlyForDeploymentPostprocessing = 0;
		};
		5BE8E90F1ABC2D2E00D40FF8 /* Frameworks */ = {
			isa = PBXFrameworksBuildPhase;
			buildActionMask = 2147483647;
			files = (
			);
			runOnlyForDeploymentPostprocessing = 0;
		};
/* End PBXFrameworksBuildPhase section */

/* Begin PBXGroup section */
		5BE8E8F11ABC2D2E00D40FF8 = {
			isa = PBXGroup;
			children = (
				5B111AA81ABC31320044A9E0 /* newBranchClass.swift */,
				5BE8E9221ABC2D7600D40FF8 /* FirstClass.swift */,
				5BE8E8FC1ABC2D2E00D40FF8 /* CheckGit */,
				5BE8E9151ABC2D2E00D40FF8 /* CheckGitTests */,
				5BE8E8FB1ABC2D2E00D40FF8 /* Products */,
			);
			sourceTree = "<group>";
		};
		5BE8E8FB1ABC2D2E00D40FF8 /* Products */ = {
			isa = PBXGroup;
			children = (
				5BE8E8FA1ABC2D2E00D40FF8 /* CheckGit.app */,
				5BE8E9121ABC2D2E00D40FF8 /* CheckGitTests.xctest */,
			);
			name = Products;
			sourceTree = "<group>";
		};
		5BE8E8FC1ABC2D2E00D40FF8 /* CheckGit */ = {
			isa = PBXGroup;
			children = (
				5BE8E8FF1ABC2D2E00D40FF8 /* AppDelegate.swift */,
				5BE8E9041ABC2D2E00D40FF8 /* ViewController.swift */,
				5BE8E9061ABC2D2E00D40FF8 /* Main.storyboard */,
				5BE8E9261ABC2E9600D40FF8 /* Another Class.swift */,
				5BE8E9091ABC2D2E00D40FF8 /* Images.xcassets */,
				5BE8E90B1ABC2D2E00D40FF8 /* LaunchScreen.xib */,
				5BE8E9011ABC2D2E00D40FF8 /* CheckGit.xcdatamodeld */,
				5BE8E8FD1ABC2D2E00D40FF8 /* Supporting Files */,
			);
			path = CheckGit;
			sourceTree = "<group>";
		};
		5BE8E8FD1ABC2D2E00D40FF8 /* Supporting Files */ = {
			isa = PBXGroup;
			children = (
				5BE8E8FE1ABC2D2E00D40FF8 /* Info.plist */,
			);
			name = "Supporting Files";
			sourceTree = "<group>";
		};
		5BE8E9151ABC2D2E00D40FF8 /* CheckGitTests */ = {
			isa = PBXGroup;
			children = (
				5BE8E9181ABC2D2E00D40FF8 /* CheckGitTests.swift */,
				5BE8E9161ABC2D2E00D40FF8 /* Supporting Files */,
			);
			path = CheckGitTests;
			sourceTree = "<group>";
		};
		5BE8E9161ABC2D2E00D40FF8 /* Supporting Files */ = {
			isa = PBXGroup;
			children = (
				5BE8E9171ABC2D2E00D40FF8 /* Info.plist */,
			);
			name = "Supporting Files";
			sourceTree = "<group>";
		};
/* End PBXGroup section */

/* Begin PBXNativeTarget section */
		5BE8E8F91ABC2D2E00D40FF8 /* CheckGit */ = {
			isa = PBXNativeTarget;
			buildConfigurationList = 5BE8E91C1ABC2D2E00D40FF8 /* Build configuration list for PBXNativeTarget "CheckGit" */;
			buildPhases = (
				5BE8E8F61ABC2D2E00D40FF8 /* Sources */,
				5BE8E8F71ABC2D2E00D40FF8 /* Frameworks */,
				5BE8E8F81ABC2D2E00D40FF8 /* Resources */,
			);
			buildRules = (
			);
			dependencies = (
			);
			name = CheckGit;
			productName = CheckGit;
			productReference = 5BE8E8FA1ABC2D2E00D40FF8 /* CheckGit.app */;
			productType = "com.apple.product-type.application";
		};
		5BE8E9111ABC2D2E00D40FF8 /* CheckGitTests */ = {
			isa = PBXNativeTarget;
			buildConfigurationList = 5BE8E91F1ABC2D2E00D40FF8 /* Build configuration list for PBXNativeTarget "CheckGitTests" */;
			buildPhases = (
				5BE8E90E1ABC2D2E00D40FF8 /* Sources */,
				5BE8E90F1ABC2D2E00D40FF8 /* Frameworks */,
				5BE8E9101ABC2D2E00D40FF8 /* Resources */,
			);
			buildRules = (
			);
			dependencies = (
				5BE8E9141ABC2D2E00D40FF8 /* PBXTargetDependency */,
			);
			name = CheckGitTests;
			productName = CheckGitTests;
			productReference = 5BE8E9121ABC2D2E00D40FF8 /* CheckGitTests.xctest */;
			productType = "com.apple.product-type.bundle.unit-test";
		};
/* End PBXNativeTarget section */

/* Begin PBXProject section */
		5BE8E8F21ABC2D2E00D40FF8 /* Project object */ = {
			isa = PBXProject;
			attributes = {
				LastUpgradeCheck = 0620;
				ORGANIZATIONNAME = "Yuriy Kan";
				TargetAttributes = {
					5BE8E8F91ABC2D2E00D40FF8 = {
						CreatedOnToolsVersion = 6.2;
					};
					5BE8E9111ABC2D2E00D40FF8 = {
						CreatedOnToolsVersion = 6.2;
						TestTargetID = 5BE8E8F91ABC2D2E00D40FF8;
					};
				};
			};
			buildConfigurationList = 5BE8E8F51ABC2D2E00D40FF8 /* Build configuration list for PBXProject "CheckGit" */;
			compatibilityVersion = "Xcode 3.2";
			developmentRegion = English;
			hasScannedForEncodings = 0;
			knownRegions = (
				en,
				Base,
			);
			mainGroup = 5BE8E8F11ABC2D2E00D40FF8;
			productRefGroup = 5BE8E8FB1ABC2D2E00D40FF8 /* Products */;
			projectDirPath = "";
			projectRoot = "";
			targets = (
				5BE8E8F91ABC2D2E00D40FF8 /* CheckGit */,
				5BE8E9111ABC2D2E00D40FF8 /* CheckGitTests */,
			);
		};
/* End PBXProject section */

/* Begin PBXResourcesBuildPhase section */
		5BE8E8F81ABC2D2E00D40FF8 /* Resources */ = {
			isa = PBXResourcesBuildPhase;
			buildActionMask = 2147483647;
			files = (
				5BE8E9081ABC2D2E00D40FF8 /* Main.storyboard in Resources */,
				5BE8E90D1ABC2D2E00D40FF8 /* LaunchScreen.xib in Resources */,
				5BE8E90A1ABC2D2E00D40FF8 /* Images.xcassets in Resources */,
			);
			runOnlyForDeploymentPostprocessing = 0;
		};
		5BE8E9101ABC2D2E00D40FF8 /* Resources */ = {
			isa = PBXResourcesBuildPhase;
			buildActionMask = 2147483647;
			files = (
			);
			runOnlyForDeploymentPostprocessing = 0;
		};
/* End PBXResourcesBuildPhase section */

/* Begin PBXSourcesBuildPhase section */
		5BE8E8F61ABC2D2E00D40FF8 /* Sources */ = {
			isa = PBXSourcesBuildPhase;
			buildActionMask = 2147483647;
			files = (
				5BE8E9051ABC2D2E00D40FF8 /* ViewController.swift in Sources */,
				5BE8E9231ABC2D7600D40FF8 /* FirstClass.swift in Sources */,
				5BE8E9001ABC2D2E00D40FF8 /* AppDelegate.swift in Sources */,
				5BE8E9031ABC2D2E00D40FF8 /* CheckGit.xcdatamodeld in Sources */,
				5BE8E9271ABC2E9600D40FF8 /* Another Class.swift in Sources */,
				5B111AA91ABC31320044A9E0 /* newBranchClass.swift in Sources */,
			);
			runOnlyForDeploymentPostprocessing = 0;
		};
		5BE8E90E1ABC2D2E00D40FF8 /* Sources */ = {
			isa = PBXSourcesBuildPhase;
			buildActionMask = 2147483647;
			files = (
				5BE8E9191ABC2D2E00D40FF8 /* CheckGitTests.swift in Sources */,
			);
			runOnlyForDeploymentPostprocessing = 0;
		};
/* End PBXSourcesBuildPhase section */

/* Begin PBXTargetDependency section */
		5BE8E9141ABC2D2E00D40FF8 /* PBXTargetDependency */ = {
			isa = PBXTargetDependency;
			target = 5BE8E8F91ABC2D2E00D40FF8 /* CheckGit */;
			targetProxy = 5BE8E9131ABC2D2E00D40FF8 /* PBXContainerItemProxy */;
		};
/* End PBXTargetDependency section */

/* Begin PBXVariantGroup section */
		5BE8E9061ABC2D2E00D40FF8 /* Main.storyboard */ = {
			isa = PBXVariantGroup;
			children = (
				5BE8E9071ABC2D2E00D40FF8 /* Base */,
				5BE8E9241ABC2DAD00D40FF8 /* ar */,
				5B111AA61ABC30DD0044A9E0 /* de */,
			);
			name = Main.storyboard;
			sourceTree = "<group>";
		};
		5BE8E90B1ABC2D2E00D40FF8 /* LaunchScreen.xib */ = {
			isa = PBXVariantGroup;
			children = (
				5BE8E90C1ABC2D2E00D40FF8 /* Base */,
				5BE8E9251ABC2DAD00D40FF8 /* ar */,
				5B111AA71ABC30DD0044A9E0 /* de */,
			);
			name = LaunchScreen.xib;
			sourceTree = "<group>";
		};
/* End PBXVariantGroup section */

/* Begin XCBuildConfiguration section */
		5BE8E91A1ABC2D2E00D40FF8 /* Debug */ = {
			isa = XCBuildConfiguration;
			buildSettings = {
				ALWAYS_SEARCH_USER_PATHS = NO;
				CLANG_CXX_LANGUAGE_STANDARD = "gnu++0x";
				CLANG_CXX_LIBRARY = "libc++";
				CLANG_ENABLE_MODULES = YES;
				CLANG_ENABLE_OBJC_ARC = YES;
				CLANG_WARN_BOOL_CONVERSION = YES;
				CLANG_WARN_CONSTANT_CONVERSION = YES;
				CLANG_WARN_DIRECT_OBJC_ISA_USAGE = YES_ERROR;
				CLANG_WARN_EMPTY_BODY = YES;
				CLANG_WARN_ENUM_CONVERSION = YES;
				CLANG_WARN_INT_CONVERSION = YES;
				CLANG_WARN_OBJC_ROOT_CLASS = YES_ERROR;
				CLANG_WARN_UNREACHABLE_CODE = YES;
				CLANG_WARN__DUPLICATE_METHOD_MATCH = YES;
				"CODE_SIGN_IDENTITY[sdk=iphoneos*]" = "iPhone Developer";
				COPY_PHASE_STRIP = NO;
				ENABLE_STRICT_OBJC_MSGSEND = YES;
				GCC_C_LANGUAGE_STANDARD = gnu99;
				GCC_DYNAMIC_NO_PIC = NO;
				GCC_OPTIMIZATION_LEVEL = 0;
				GCC_PREPROCESSOR_DEFINITIONS = (
					"DEBUG=1",
					"$(inherited)",
				);
				GCC_SYMBOLS_PRIVATE_EXTERN = NO;
				GCC_WARN_64_TO_32_BIT_CONVERSION = YES;
				GCC_WARN_ABOUT_RETURN_TYPE = YES_ERROR;
				GCC_WARN_UNDECLARED_SELECTOR = YES;
				GCC_WARN_UNINITIALIZED_AUTOS = YES_AGGRESSIVE;
				GCC_WARN_UNUSED_FUNCTION = YES;
				GCC_WARN_UNUSED_VARIABLE = YES;
				IPHONEOS_DEPLOYMENT_TARGET = 8.2;
				MTL_ENABLE_DEBUG_INFO = YES;
				ONLY_ACTIVE_ARCH = YES;
				SDKROOT = iphoneos;
				SWIFT_OPTIMIZATION_LEVEL = "-Onone";
			};
			name = Debug;
		};
		5BE8E91B1ABC2D2E00D40FF8 /* Release */ = {
			isa = XCBuildConfiguration;
			buildSettings = {
				ALWAYS_SEARCH_USER_PATHS = NO;
				CLANG_CXX_LANGUAGE_STANDARD = "gnu++0x";
				CLANG_CXX_LIBRARY = "libc++";
				CLANG_ENABLE_MODULES = YES;
				CLANG_ENABLE_OBJC_ARC = YES;
				CLANG_WARN_BOOL_CONVERSION = YES;
				CLANG_WARN_CONSTANT_CONVERSION = YES;
				CLANG_WARN_DIRECT_OBJC_ISA_USAGE = YES_ERROR;
				CLANG_WARN_EMPTY_BODY = YES;
				CLANG_WARN_ENUM_CONVERSION = YES;
				CLANG_WARN_INT_CONVERSION = YES;
				CLANG_WARN_OBJC_ROOT_CLASS = YES_ERROR;
				CLANG_WARN_UNREACHABLE_CODE = YES;
				CLANG_WARN__DUPLICATE_METHOD_MATCH = YES;
				"CODE_SIGN_IDENTITY[sdk=iphoneos*]" = "iPhone Developer";
				COPY_PHASE_STRIP = NO;
				ENABLE_NS_ASSERTIONS = NO;
				ENABLE_STRICT_OBJC_MSGSEND = YES;
				GCC_C_LANGUAGE_STANDARD = gnu99;
				GCC_WARN_64_TO_32_BIT_CONVERSION = YES;
				GCC_WARN_ABOUT_RETURN_TYPE = YES_ERROR;
				GCC_WARN_UNDECLARED_SELECTOR = YES;
				GCC_WARN_UNINITIALIZED_AUTOS = YES_AGGRESSIVE;
				GCC_WARN_UNUSED_FUNCTION = YES;
				GCC_WARN_UNUSED_VARIABLE = YES;
				IPHONEOS_DEPLOYMENT_TARGET = 8.2;
				MTL_ENABLE_DEBUG_INFO = NO;
				SDKROOT = iphoneos;
				VALIDATE_PRODUCT = YES;
			};
			name = Release;
		};
		5BE8E91D1ABC2D2E00D40FF8 /* Debug */ = {
			isa = XCBuildConfiguration;
			buildSettings = {
				ASSETCATALOG_COMPILER_APPICON_NAME = AppIcon;
				INFOPLIST_FILE = CheckGit/Info.plist;
				LD_RUNPATH_SEARCH_PATHS = "$(inherited) @executable_path/Frameworks";
				PRODUCT_NAME = "$(TARGET_NAME)";
			};
			name = Debug;
		};
		5BE8E91E1ABC2D2E00D40FF8 /* Release */ = {
			isa = XCBuildConfiguration;
			buildSettings = {
				ASSETCATALOG_COMPILER_APPICON_NAME = AppIcon;
				INFOPLIST_FILE = CheckGit/Info.plist;
				LD_RUNPATH_SEARCH_PATHS = "$(inherited) @executable_path/Frameworks";
				PRODUCT_NAME = "$(TARGET_NAME)";
			};
			name = Release;
		};
		5BE8E9201ABC2D2E00D40FF8 /* Debug */ = {
			isa = XCBuildConfiguration;
			buildSettings = {
				BUNDLE_LOADER = "$(TEST_HOST)";
				FRAMEWORK_SEARCH_PATHS = (
					"$(SDKROOT)/Developer/Library/Frameworks",
					"$(inherited)",
				);
				GCC_PREPROCESSOR_DEFINITIONS = (
					"DEBUG=1",
					"$(inherited)",
				);
				INFOPLIST_FILE = CheckGitTests/Info.plist;
				LD_RUNPATH_SEARCH_PATHS = "$(inherited) @executable_path/Frameworks @loader_path/Frameworks";
				PRODUCT_NAME = "$(TARGET_NAME)";
				TEST_HOST = "$(BUILT_PRODUCTS_DIR)/CheckGit.app/CheckGit";
			};
			name = Debug;
		};
		5BE8E9211ABC2D2E00D40FF8 /* Release */ = {
			isa = XCBuildConfiguration;
			buildSettings = {
				BUNDLE_LOADER = "$(TEST_HOST)";
				FRAMEWORK_SEARCH_PATHS = (
					"$(SDKROOT)/Developer/Library/Frameworks",
					"$(inherited)",
				);
				INFOPLIST_FILE = CheckGitTests/Info.plist;
				LD_RUNPATH_SEARCH_PATHS = "$(inherited) @executable_path/Frameworks @loader_path/Frameworks";
				PRODUCT_NAME = "$(TARGET_NAME)";
				TEST_HOST = "$(BUILT_PRODUCTS_DIR)/CheckGit.app/CheckGit";
			};
			name = Release;
		};
/* End XCBuildConfiguration section */

/* Begin XCConfigurationList section */
		5BE8E8F51ABC2D2E00D40FF8 /* Build configuration list for PBXProject "CheckGit" */ = {
			isa = XCConfigurationList;
			buildConfigurations = (
				5BE8E91A1ABC2D2E00D40FF8 /* Debug */,
				5BE8E91B1ABC2D2E00D40FF8 /* Release */,
			);
			defaultConfigurationIsVisible = 0;
			defaultConfigurationName = Release;
		};
		5BE8E91C1ABC2D2E00D40FF8 /* Build configuration list for PBXNativeTarget "CheckGit" */ = {
			isa = XCConfigurationList;
			buildConfigurations = (
				5BE8E91D1ABC2D2E00D40FF8 /* Debug */,
				5BE8E91E1ABC2D2E00D40FF8 /* Release */,
			);
			defaultConfigurationIsVisible = 0;
			defaultConfigurationName = Release;
		};
		5BE8E91F1ABC2D2E00D40FF8 /* Build configuration list for PBXNativeTarget "CheckGitTests" */ = {
			isa = XCConfigurationList;
			buildConfigurations = (
				5BE8E9201ABC2D2E00D40FF8 /* Debug */,
				5BE8E9211ABC2D2E00D40FF8 /* Release */,
			);
			defaultConfigurationIsVisible = 0;
			defaultConfigurationName = Release;
		};
/* End XCConfigurationList section */

/* Begin XCVersionGroup section */
		5BE8E9011ABC2D2E00D40FF8 /* CheckGit.xcdatamodeld */ = {
			isa = XCVersionGroup;
			children = (
				5BE8E9021ABC2D2E00D40FF8 /* CheckGit.xcdatamodel */,
			);
			currentVersion = 5BE8E9021ABC2D2E00D40FF8 /* CheckGit.xcdatamodel */;
			path = CheckGit.xcdatamodeld;
			sourceTree = "<group>";
			versionGroupType = wrapper.xcdatamodel;
		};
/* End XCVersionGroup section */
	};
	rootObject = 5BE8E8F21ABC2D2E00D40FF8 /* Project object */;
}
